{
  "name": "wampum",
  "version": "1.0.0",
  "lockfileVersion": 2,
  "requires": true,
  "packages": {
    "": {
      "name": "wampum",
      "version": "1.0.0",
      "license": "MIT",
      "dependencies": {
        "wampum": "^1.0.1"
      }
    },
    "node_modules/wampum": {
      "version": "1.0.1",
      "resolved": "https://registry.npmjs.org/wampum/-/wampum-1.0.1.tgz",
      "integrity": "sha512-5VtsWLmb7swtikQEykg3rpD7BWkeN0AYMiNU+510HJ9YrmhxrlRe29d3QVtxa6ZtTVa+CJidX5qyk5/uxCjSQg=="
    }
  },
  "dependencies": {
    "wampum": {
      "version": "1.0.1",
      "resolved": "https://registry.npmjs.org/wampum/-/wampum-1.0.1.tgz",
      "integrity": "sha512-5VtsWLmb7swtikQEykg3rpD7BWkeN0AYMiNU+510HJ9YrmhxrlRe29d3QVtxa6ZtTVa+CJidX5qyk5/uxCjSQg=="
    }
  }
}